
Microsoft Visual Studio Solution File, Format Version 12.00
# Visual Studio Version 17
VisualStudioVersion = 17.0.31903.59
MinimumVisualStudioVersion = 10.0.40219.1
Project("{FAE04EC0-301F-11D3-BF4B-00C04F79EFBC}") = "TheEmployeeAPI", "TheEmployeeAPI\TheEmployeeAPI.csproj", "{F36CAAE5-A862-4B62-9945-21531C55AA91}"
EndProject
Project("{FAE04EC0-301F-11D3-BF4B-00C04F79EFBC}") = "TheEmployeeAPI.Tests", "TheEmployeeAPI.Tests\TheEmployeeAPI.Tests.csproj", "{C7FF08EF-BB96-435E-9BD2-EEB76E573BF2}"
EndProject
Project("{FAE04EC0-301F-11D3-BF4B-00C04F79EFBC}") = "BenefitSoapService", "BenefitSoapService\BenefitSoapService.csproj", "{ED1437A9-C87C-490E-BECA-0EA9C1D98FAF}"
EndProject
Project("{FAE04EC0-301F-11D3-BF4B-00C04F79EFBC}") = "Core", "Core\Core.csproj", "{D31A3213-328B-4D6B-900D-2DFC32BD313F}"
EndProject
Project("{FAE04EC0-301F-11D3-BF4B-00C04F79EFBC}") = "ApiGateway", "ApiGateway\ApiGateway.csproj", "{8610EBA1-56C2-4306-B2D2-938CAE513473}"
EndProject
Project("{FAE04EC0-301F-11D3-BF4B-00C04F79EFBC}") = "UserService", "UserService\UserService.csproj", "{427B13C0-7D90-4E32-9347-689F88CD64FD}"
EndProject
Project("{FAE04EC0-301F-11D3-BF4B-00C04F79EFBC}") = "DepartmentService", "DepartmentService\DepartmentService.csproj", "{D0CC7C7E-06A8-4665-BBAB-FD5F37CC6939}"
EndProject
Project("{FAE04EC0-301F-11D3-BF4B-00C04F79EFBC}") = "SharedLibrary", "SharedLibrary\SharedLibrary.csproj", "{446D8A5E-2E38-4C2B-916C-22BBE6F9B6AB}"
EndProject
Project("{FAE04EC0-301F-11D3-BF4B-00C04F79EFBC}") = "PayrollService", "PayrollService\PayrollService.csproj", "{9DECD0FD-2B02-455E-B530-7EB8AE4096BF}"
EndProject
Project("{FAE04EC0-301F-11D3-BF4B-00C04F79EFBC}") = "TimeTrackingService", "TimeTrackingService\TimeTrackingService.csproj", "{63EF0F87-BF47-4D74-818A-41F20A630A86}"
EndProject
Project("{FAE04EC0-301F-11D3-BF4B-00C04F79EFBC}") = "TheEmployeeAPIE2ETests", "TheEmployeeAPIE2ETests\TheEmployeeAPIE2ETests.csproj", "{DE00F8BB-4DA8-49DA-A8F1-E485A9CE82C5}"
EndProject
Global
	GlobalSection(SolutionConfigurationPlatforms) = preSolution
		Debug|Any CPU = Debug|Any CPU
		Debug|x64 = Debug|x64
		Debug|x86 = Debug|x86
		Release|Any CPU = Release|Any CPU
		Release|x64 = Release|x64
		Release|x86 = Release|x86
	EndGlobalSection
	GlobalSection(ProjectConfigurationPlatforms) = postSolution
		{F36CAAE5-A862-4B62-9945-21531C55AA91}.Debug|Any CPU.ActiveCfg = Debug|Any CPU
		{F36CAAE5-A862-4B62-9945-21531C55AA91}.Debug|Any CPU.Build.0 = Debug|Any CPU
		{F36CAAE5-A862-4B62-9945-21531C55AA91}.Debug|x64.ActiveCfg = Debug|Any CPU
		{F36CAAE5-A862-4B62-9945-21531C55AA91}.Debug|x64.Build.0 = Debug|Any CPU
		{F36CAAE5-A862-4B62-9945-21531C55AA91}.Debug|x86.ActiveCfg = Debug|Any CPU
		{F36CAAE5-A862-4B62-9945-21531C55AA91}.Debug|x86.Build.0 = Debug|Any CPU
		{F36CAAE5-A862-4B62-9945-21531C55AA91}.Release|Any CPU.ActiveCfg = Release|Any CPU
		{F36CAAE5-A862-4B62-9945-21531C55AA91}.Release|Any CPU.Build.0 = Release|Any CPU
		{F36CAAE5-A862-4B62-9945-21531C55AA91}.Release|x64.ActiveCfg = Release|Any CPU
		{F36CAAE5-A862-4B62-9945-21531C55AA91}.Release|x64.Build.0 = Release|Any CPU
		{F36CAAE5-A862-4B62-9945-21531C55AA91}.Release|x86.ActiveCfg = Release|Any CPU
		{F36CAAE5-A862-4B62-9945-21531C55AA91}.Release|x86.Build.0 = Release|Any CPU
		{C7FF08EF-BB96-435E-9BD2-EEB76E573BF2}.Debug|Any CPU.ActiveCfg = Debug|Any CPU
		{C7FF08EF-BB96-435E-9BD2-EEB76E573BF2}.Debug|Any CPU.Build.0 = Debug|Any CPU
		{C7FF08EF-BB96-435E-9BD2-EEB76E573BF2}.Debug|x64.ActiveCfg = Debug|Any CPU
		{C7FF08EF-BB96-435E-9BD2-EEB76E573BF2}.Debug|x64.Build.0 = Debug|Any CPU
		{C7FF08EF-BB96-435E-9BD2-EEB76E573BF2}.Debug|x86.ActiveCfg = Debug|Any CPU
		{C7FF08EF-BB96-435E-9BD2-EEB76E573BF2}.Debug|x86.Build.0 = Debug|Any CPU
		{C7FF08EF-BB96-435E-9BD2-EEB76E573BF2}.Release|Any CPU.ActiveCfg = Release|Any CPU
		{C7FF08EF-BB96-435E-9BD2-EEB76E573BF2}.Release|Any CPU.Build.0 = Release|Any CPU
		{C7FF08EF-BB96-435E-9BD2-EEB76E573BF2}.Release|x64.ActiveCfg = Release|Any CPU
		{C7FF08EF-BB96-435E-9BD2-EEB76E573BF2}.Release|x64.Build.0 = Release|Any CPU
		{C7FF08EF-BB96-435E-9BD2-EEB76E573BF2}.Release|x86.ActiveCfg = Release|Any CPU
		{C7FF08EF-BB96-435E-9BD2-EEB76E573BF2}.Release|x86.Build.0 = Release|Any CPU
		{ED1437A9-C87C-490E-BECA-0EA9C1D98FAF}.Debug|Any CPU.ActiveCfg = Debug|Any CPU
		{ED1437A9-C87C-490E-BECA-0EA9C1D98FAF}.Debug|Any CPU.Build.0 = Debug|Any CPU
		{ED1437A9-C87C-490E-BECA-0EA9C1D98FAF}.Debug|x64.ActiveCfg = Debug|Any CPU
		{ED1437A9-C87C-490E-BECA-0EA9C1D98FAF}.Debug|x64.Build.0 = Debug|Any CPU
		{ED1437A9-C87C-490E-BECA-0EA9C1D98FAF}.Debug|x86.ActiveCfg = Debug|Any CPU
		{ED1437A9-C87C-490E-BECA-0EA9C1D98FAF}.Debug|x86.Build.0 = Debug|Any CPU
		{ED1437A9-C87C-490E-BECA-0EA9C1D98FAF}.Release|Any CPU.ActiveCfg = Release|Any CPU
		{ED1437A9-C87C-490E-BECA-0EA9C1D98FAF}.Release|Any CPU.Build.0 = Release|Any CPU
		{ED1437A9-C87C-490E-BECA-0EA9C1D98FAF}.Release|x64.ActiveCfg = Release|Any CPU
		{ED1437A9-C87C-490E-BECA-0EA9C1D98FAF}.Release|x64.Build.0 = Release|Any CPU
		{ED1437A9-C87C-490E-BECA-0EA9C1D98FAF}.Release|x86.ActiveCfg = Release|Any CPU
		{ED1437A9-C87C-490E-BECA-0EA9C1D98FAF}.Release|x86.Build.0 = Release|Any CPU
		{D31A3213-328B-4D6B-900D-2DFC32BD313F}.Debug|Any CPU.ActiveCfg = Debug|Any CPU
		{D31A3213-328B-4D6B-900D-2DFC32BD313F}.Debug|Any CPU.Build.0 = Debug|Any CPU
		{D31A3213-328B-4D6B-900D-2DFC32BD313F}.Debug|x64.ActiveCfg = Debug|Any CPU
		{D31A3213-328B-4D6B-900D-2DFC32BD313F}.Debug|x64.Build.0 = Debug|Any CPU
		{D31A3213-328B-4D6B-900D-2DFC32BD313F}.Debug|x86.ActiveCfg = Debug|Any CPU
		{D31A3213-328B-4D6B-900D-2DFC32BD313F}.Debug|x86.Build.0 = Debug|Any CPU
		{D31A3213-328B-4D6B-900D-2DFC32BD313F}.Release|Any CPU.ActiveCfg = Release|Any CPU
		{D31A3213-328B-4D6B-900D-2DFC32BD313F}.Release|Any CPU.Build.0 = Release|Any CPU
		{D31A3213-328B-4D6B-900D-2DFC32BD313F}.Release|x64.ActiveCfg = Release|Any CPU
		{D31A3213-328B-4D6B-900D-2DFC32BD313F}.Release|x64.Build.0 = Release|Any CPU
		{D31A3213-328B-4D6B-900D-2DFC32BD313F}.Release|x86.ActiveCfg = Release|Any CPU
		{D31A3213-328B-4D6B-900D-2DFC32BD313F}.Release|x86.Build.0 = Release|Any CPU
		{8610EBA1-56C2-4306-B2D2-938CAE513473}.Debug|Any CPU.ActiveCfg = Debug|Any CPU
		{8610EBA1-56C2-4306-B2D2-938CAE513473}.Debug|Any CPU.Build.0 = Debug|Any CPU
		{8610EBA1-56C2-4306-B2D2-938CAE513473}.Debug|x64.ActiveCfg = Debug|Any CPU
		{8610EBA1-56C2-4306-B2D2-938CAE513473}.Debug|x64.Build.0 = Debug|Any CPU
		{8610EBA1-56C2-4306-B2D2-938CAE513473}.Debug|x86.ActiveCfg = Debug|Any CPU
		{8610EBA1-56C2-4306-B2D2-938CAE513473}.Debug|x86.Build.0 = Debug|Any CPU
		{8610EBA1-56C2-4306-B2D2-938CAE513473}.Release|Any CPU.ActiveCfg = Release|Any CPU
		{8610EBA1-56C2-4306-B2D2-938CAE513473}.Release|Any CPU.Build.0 = Release|Any CPU
		{8610EBA1-56C2-4306-B2D2-938CAE513473}.Release|x64.ActiveCfg = Release|Any CPU
		{8610EBA1-56C2-4306-B2D2-938CAE513473}.Release|x64.Build.0 = Release|Any CPU
		{8610EBA1-56C2-4306-B2D2-938CAE513473}.Release|x86.ActiveCfg = Release|Any CPU
		{8610EBA1-56C2-4306-B2D2-938CAE513473}.Release|x86.Build.0 = Release|Any CPU
		{427B13C0-7D90-4E32-9347-689F88CD64FD}.Debug|Any CPU.ActiveCfg = Debug|Any CPU
		{427B13C0-7D90-4E32-9347-689F88CD64FD}.Debug|Any CPU.Build.0 = Debug|Any CPU
		{427B13C0-7D90-4E32-9347-689F88CD64FD}.Debug|x64.ActiveCfg = Debug|Any CPU
		{427B13C0-7D90-4E32-9347-689F88CD64FD}.Debug|x64.Build.0 = Debug|Any CPU
		{427B13C0-7D90-4E32-9347-689F88CD64FD}.Debug|x86.ActiveCfg = Debug|Any CPU
		{427B13C0-7D90-4E32-9347-689F88CD64FD}.Debug|x86.Build.0 = Debug|Any CPU
		{427B13C0-7D90-4E32-9347-689F88CD64FD}.Release|Any CPU.ActiveCfg = Release|Any CPU
		{427B13C0-7D90-4E32-9347-689F88CD64FD}.Release|Any CPU.Build.0 = Release|Any CPU
		{427B13C0-7D90-4E32-9347-689F88CD64FD}.Release|x64.ActiveCfg = Release|Any CPU
		{427B13C0-7D90-4E32-9347-689F88CD64FD}.Release|x64.Build.0 = Release|Any CPU
		{427B13C0-7D90-4E32-9347-689F88CD64FD}.Release|x86.ActiveCfg = Release|Any CPU
		{427B13C0-7D90-4E32-9347-689F88CD64FD}.Release|x86.Build.0 = Release|Any CPU
		{D0CC7C7E-06A8-4665-BBAB-FD5F37CC6939}.Debug|Any CPU.ActiveCfg = Debug|Any CPU
		{D0CC7C7E-06A8-4665-BBAB-FD5F37CC6939}.Debug|Any CPU.Build.0 = Debug|Any CPU
		{D0CC7C7E-06A8-4665-BBAB-FD5F37CC6939}.Debug|x64.ActiveCfg = Debug|Any CPU
		{D0CC7C7E-06A8-4665-BBAB-FD5F37CC6939}.Debug|x64.Build.0 = Debug|Any CPU
		{D0CC7C7E-06A8-4665-BBAB-FD5F37CC6939}.Debug|x86.ActiveCfg = Debug|Any CPU
		{D0CC7C7E-06A8-4665-BBAB-FD5F37CC6939}.Debug|x86.Build.0 = Debug|Any CPU
		{D0CC7C7E-06A8-4665-BBAB-FD5F37CC6939}.Release|Any CPU.ActiveCfg = Release|Any CPU
		{D0CC7C7E-06A8-4665-BBAB-FD5F37CC6939}.Release|Any CPU.Build.0 = Release|Any CPU
		{D0CC7C7E-06A8-4665-BBAB-FD5F37CC6939}.Release|x64.ActiveCfg = Release|Any CPU
		{D0CC7C7E-06A8-4665-BBAB-FD5F37CC6939}.Release|x64.Build.0 = Release|Any CPU
		{D0CC7C7E-06A8-4665-BBAB-FD5F37CC6939}.Release|x86.ActiveCfg = Release|Any CPU
		{D0CC7C7E-06A8-4665-BBAB-FD5F37CC6939}.Release|x86.Build.0 = Release|Any CPU
		{446D8A5E-2E38-4C2B-916C-22BBE6F9B6AB}.Debug|Any CPU.ActiveCfg = Debug|Any CPU
		{446D8A5E-2E38-4C2B-916C-22BBE6F9B6AB}.Debug|Any CPU.Build.0 = Debug|Any CPU
		{446D8A5E-2E38-4C2B-916C-22BBE6F9B6AB}.Debug|x64.ActiveCfg = Debug|Any CPU
		{446D8A5E-2E38-4C2B-916C-22BBE6F9B6AB}.Debug|x64.Build.0 = Debug|Any CPU
		{446D8A5E-2E38-4C2B-916C-22BBE6F9B6AB}.Debug|x86.ActiveCfg = Debug|Any CPU
		{446D8A5E-2E38-4C2B-916C-22BBE6F9B6AB}.Debug|x86.Build.0 = Debug|Any CPU
		{446D8A5E-2E38-4C2B-916C-22BBE6F9B6AB}.Release|Any CPU.ActiveCfg = Release|Any CPU
		{446D8A5E-2E38-4C2B-916C-22BBE6F9B6AB}.Release|Any CPU.Build.0 = Release|Any CPU
		{446D8A5E-2E38-4C2B-916C-22BBE6F9B6AB}.Release|x64.ActiveCfg = Release|Any CPU
		{446D8A5E-2E38-4C2B-916C-22BBE6F9B6AB}.Release|x64.Build.0 = Release|Any CPU
		{446D8A5E-2E38-4C2B-916C-22BBE6F9B6AB}.Release|x86.ActiveCfg = Release|Any CPU
		{446D8A5E-2E38-4C2B-916C-22BBE6F9B6AB}.Release|x86.Build.0 = Release|Any CPU
		{9DECD0FD-2B02-455E-B530-7EB8AE4096BF}.Debug|Any CPU.ActiveCfg = Debug|Any CPU
		{9DECD0FD-2B02-455E-B530-7EB8AE4096BF}.Debug|Any CPU.Build.0 = Debug|Any CPU
		{9DECD0FD-2B02-455E-B530-7EB8AE4096BF}.Debug|x64.ActiveCfg = Debug|Any CPU
		{9DECD0FD-2B02-455E-B530-7EB8AE4096BF}.Debug|x64.Build.0 = Debug|Any CPU
		{9DECD0FD-2B02-455E-B530-7EB8AE4096BF}.Debug|x86.ActiveCfg = Debug|Any CPU
		{9DECD0FD-2B02-455E-B530-7EB8AE4096BF}.Debug|x86.Build.0 = Debug|Any CPU
		{9DECD0FD-2B02-455E-B530-7EB8AE4096BF}.Release|Any CPU.ActiveCfg = Release|Any CPU
		{9DECD0FD-2B02-455E-B530-7EB8AE4096BF}.Release|Any CPU.Build.0 = Release|Any CPU
		{9DECD0FD-2B02-455E-B530-7EB8AE4096BF}.Release|x64.ActiveCfg = Release|Any CPU
		{9DECD0FD-2B02-455E-B530-7EB8AE4096BF}.Release|x64.Build.0 = Release|Any CPU
		{9DECD0FD-2B02-455E-B530-7EB8AE4096BF}.Release|x86.ActiveCfg = Release|Any CPU
		{9DECD0FD-2B02-455E-B530-7EB8AE4096BF}.Release|x86.Build.0 = Release|Any CPU
		{63EF0F87-BF47-4D74-818A-41F20A630A86}.Debug|Any CPU.ActiveCfg = Debug|Any CPU
		{63EF0F87-BF47-4D74-818A-41F20A630A86}.Debug|Any CPU.Build.0 = Debug|Any CPU
		{63EF0F87-BF47-4D74-818A-41F20A630A86}.Debug|x64.ActiveCfg = Debug|Any CPU
		{63EF0F87-BF47-4D74-818A-41F20A630A86}.Debug|x64.Build.0 = Debug|Any CPU
		{63EF0F87-BF47-4D74-818A-41F20A630A86}.Debug|x86.ActiveCfg = Debug|Any CPU
		{63EF0F87-BF47-4D74-818A-41F20A630A86}.Debug|x86.Build.0 = Debug|Any CPU
		{63EF0F87-BF47-4D74-818A-41F20A630A86}.Release|Any CPU.ActiveCfg = Release|Any CPU
		{63EF0F87-BF47-4D74-818A-41F20A630A86}.Release|Any CPU.Build.0 = Release|Any CPU
		{63EF0F87-BF47-4D74-818A-41F20A630A86}.Release|x64.ActiveCfg = Release|Any CPU
		{63EF0F87-BF47-4D74-818A-41F20A630A86}.Release|x64.Build.0 = Release|Any CPU
		{63EF0F87-BF47-4D74-818A-41F20A630A86}.Release|x86.ActiveCfg = Release|Any CPU
		{63EF0F87-BF47-4D74-818A-41F20A630A86}.Release|x86.Build.0 = Release|Any CPU
		{DE00F8BB-4DA8-49DA-A8F1-E485A9CE82C5}.Debug|Any CPU.ActiveCfg = Debug|Any CPU
		{DE00F8BB-4DA8-49DA-A8F1-E485A9CE82C5}.Debug|Any CPU.Build.0 = Debug|Any CPU
		{DE00F8BB-4DA8-49DA-A8F1-E485A9CE82C5}.Debug|x64.ActiveCfg = Debug|Any CPU
		{DE00F8BB-4DA8-49DA-A8F1-E485A9CE82C5}.Debug|x64.Build.0 = Debug|Any CPU
		{DE00F8BB-4DA8-49DA-A8F1-E485A9CE82C5}.Debug|x86.ActiveCfg = Debug|Any CPU
		{DE00F8BB-4DA8-49DA-A8F1-E485A9CE82C5}.Debug|x86.Build.0 = Debug|Any CPU
		{DE00F8BB-4DA8-49DA-A8F1-E485A9CE82C5}.Release|Any CPU.ActiveCfg = Release|Any CPU
		{DE00F8BB-4DA8-49DA-A8F1-E485A9CE82C5}.Release|Any CPU.Build.0 = Release|Any CPU
		{DE00F8BB-4DA8-49DA-A8F1-E485A9CE82C5}.Release|x64.ActiveCfg = Release|Any CPU
		{DE00F8BB-4DA8-49DA-A8F1-E485A9CE82C5}.Release|x64.Build.0 = Release|Any CPU
		{DE00F8BB-4DA8-49DA-A8F1-E485A9CE82C5}.Release|x86.ActiveCfg = Release|Any CPU
		{DE00F8BB-4DA8-49DA-A8F1-E485A9CE82C5}.Release|x86.Build.0 = Release|Any CPU
	EndGlobalSection
	GlobalSection(SolutionProperties) = preSolution
		HideSolutionNode = FALSE
	EndGlobalSection
EndGlobal
